// !$*UTF8*$!
{
	archiveVersion = 1;
	classes = {
	};
	objectVersion = 55;
	objects = {

/* Begin PBXBuildFile section */
		024DABAB2870A956006F0B1D /* AppDelegate.swift in Sources */ = {isa = PBXBuildFile; fileRef = 024DABAA2870A956006F0B1D /* AppDelegate.swift */; };
		024DABAD2870A956006F0B1D /* SceneDelegate.swift in Sources */ = {isa = PBXBuildFile; fileRef = 024DABAC2870A956006F0B1D /* SceneDelegate.swift */; };
		024DABAF2870A956006F0B1D /* ViewController.swift in Sources */ = {isa = PBXBuildFile; fileRef = 024DABAE2870A956006F0B1D /* ViewController.swift */; };
		024DABB22870A956006F0B1D /* Main.storyboard in Resources */ = {isa = PBXBuildFile; fileRef = 024DABB02870A956006F0B1D /* Main.storyboard */; };
		024DABB52870A956006F0B1D /* guii.xcdatamodeld in Sources */ = {isa = PBXBuildFile; fileRef = 024DABB32870A956006F0B1D /* guii.xcdatamodeld */; };
		024DABB72870A95B006F0B1D /* Assets.xcassets in Resources */ = {isa = PBXBuildFile; fileRef = 024DABB62870A95B006F0B1D /* Assets.xcassets */; };
		024DABBA2870A95B006F0B1D /* LaunchScreen.storyboard in Resources */ = {isa = PBXBuildFile; fileRef = 024DABB82870A95B006F0B1D /* LaunchScreen.storyboard */; };
		024DABC52870A95B006F0B1D /* guiiTests.swift in Sources */ = {isa = PBXBuildFile; fileRef = 024DABC42870A95B006F0B1D /* guiiTests.swift */; };
		024DABCF2870A95B006F0B1D /* guiiUITests.swift in Sources */ = {isa = PBXBuildFile; fileRef = 024DABCE2870A95B006F0B1D /* guiiUITests.swift */; };
		024DABD12870A95B006F0B1D /* guiiUITestsLaunchTests.swift in Sources */ = {isa = PBXBuildFile; fileRef = 024DABD02870A95B006F0B1D /* guiiUITestsLaunchTests.swift */; };
/* End PBXBuildFile section */

/* Begin PBXContainerItemProxy section */
		024DABC12870A95B006F0B1D /* PBXContainerItemProxy */ = {
			isa = PBXContainerItemProxy;
			containerPortal = 024DAB9F2870A956006F0B1D /* Project object */;
			proxyType = 1;
			remoteGlobalIDString = 024DABA62870A956006F0B1D;
			remoteInfo = guii;
		};
		024DABCB2870A95B006F0B1D /* PBXContainerItemProxy */ = {
			isa = PBXContainerItemProxy;
			containerPortal = 024DAB9F2870A956006F0B1D /* Project object */;
			proxyType = 1;
			remoteGlobalIDString = 024DABA62870A956006F0B1D;
			remoteInfo = guii;
		};
/* End PBXContainerItemProxy section */

/* Begin PBXFileReference section */
		024DABA72870A956006F0B1D /* guii.app */ = {isa = PBXFileReference; explicitFileType = wrapper.application; includeInIndex = 0; path = guii.app; sourceTree = BUILT_PRODUCTS_DIR; };
		024DABAA2870A956006F0B1D /* AppDelegate.swift */ = {isa = PBXFileReference; lastKnownFileType = sourcecode.swift; path = AppDelegate.swift; sourceTree = "<group>"; };
		024DABAC2870A956006F0B1D /* SceneDelegate.swift */ = {isa = PBXFileReference; lastKnownFileType = sourcecode.swift; path = SceneDelegate.swift; sourceTree = "<group>"; };
		024DABAE2870A956006F0B1D /* ViewController.swift */ = {isa = PBXFileReference; lastKnownFileType = sourcecode.swift; path = ViewController.swift; sourceTree = "<group>"; };
		024DABB12870A956006F0B1D /* Base */ = {isa = PBXFileReference; lastKnownFileType = file.storyboard; name = Base; path = Base.lproj/Main.storyboard; sourceTree = "<group>"; };
		024DABB42870A956006F0B1D /* guii.xcdatamodel */ = {isa = PBXFileReference; lastKnownFileType = wrapper.xcdatamodel; path = guii.xcdatamodel; sourceTree = "<group>"; };
		024DABB62870A95B006F0B1D /* Assets.xcassets */ = {isa = PBXFileReference; lastKnownFileType = folder.assetcatalog; path = Assets.xcassets; sourceTree = "<group>"; };
		024DABB92870A95B006F0B1D /* Base */ = {isa = PBXFileReference; lastKnownFileType = file.storyboard; name = Base; path = Base.lproj/LaunchScreen.storyboard; sourceTree = "<group>"; };
		024DABBB2870A95B006F0B1D /* Info.plist */ = {isa = PBXFileReference; lastKnownFileType = text.plist.xml; path = Info.plist; sourceTree = "<group>"; };
		024DABC02870A95B006F0B1D /* guiiTests.xctest */ = {isa = PBXFileReference; explicitFileType = wrapper.cfbundle; includeInIndex = 0; path = guiiTests.xctest; sourceTree = BUILT_PRODUCTS_DIR; };
		024DABC42870A95B006F0B1D /* guiiTests.swift */ = {isa = PBXFileReference; lastKnownFileType = sourcecode.swift; path = guiiTests.swift; sourceTree = "<group>"; };
		024DABCA2870A95B006F0B1D /* guiiUITests.xctest */ = {isa = PBXFileReference; explicitFileType = wrapper.cfbundle; includeInIndex = 0; path = guiiUITests.xctest; sourceTree = BUILT_PRODUCTS_DIR; };
		024DABCE2870A95B006F0B1D /* guiiUITests.swift */ = {isa = PBXFileReference; lastKnownFileType = sourcecode.swift; path = guiiUITests.swift; sourceTree = "<group>"; };
		024DABD02870A95B006F0B1D /* guiiUITestsLaunchTests.swift */ = {isa = PBXFileReference; lastKnownFileType = sourcecode.swift; path = guiiUITestsLaunchTests.swift; sourceTree = "<group>"; };
/* End PBXFileReference section */

/* Begin PBXFrameworksBuildPhase section */
		024DABA42870A956006F0B1D /* Frameworks */ = {
			isa = PBXFrameworksBuildPhase;
			buildActionMask = 2147483647;
			files = (
			);
			runOnlyForDeploymentPostprocessing = 0;
		};
		024DABBD2870A95B006F0B1D /* Frameworks */ = {
			isa = PBXFrameworksBuildPhase;
			buildActionMask = 2147483647;
			files = (
			);
			runOnlyForDeploymentPostprocessing = 0;
		};
		024DABC72870A95B006F0B1D /* Frameworks */ = {
			isa = PBXFrameworksBuildPhase;
			buildActionMask = 2147483647;
			files = (
			);
			runOnlyForDeploymentPostprocessing = 0;
		};
/* End PBXFrameworksBuildPhase section */

/* Begin PBXGroup section */
		024DAB9E2870A956006F0B1D = {
			isa = PBXGroup;
			children = (
				024DABA92870A956006F0B1D /* guii */,
				024DABC32870A95B006F0B1D /* guiiTests */,
				024DABCD2870A95B006F0B1D /* guiiUITests */,
				024DABA82870A956006F0B1D /* Products */,
			);
			sourceTree = "<group>";
		};
		024DABA82870A956006F0B1D /* Products */ = {
			isa = PBXGroup;
			children = (
				024DABA72870A956006F0B1D /* guii.app */,
				024DABC02870A95B006F0B1D /* guiiTests.xctest */,
				024DABCA2870A95B006F0B1D /* guiiUITests.xctest */,
			);
			name = Products;
			sourceTree = "<group>";
		};
		024DABA92870A956006F0B1D /* guii */ = {
			isa = PBXGroup;
			children = (
				024DABAA2870A956006F0B1D /* AppDelegate.swift */,
				024DABAC2870A956006F0B1D /* SceneDelegate.swift */,
				024DABAE2870A956006F0B1D /* ViewController.swift */,
				024DABB02870A956006F0B1D /* Main.storyboard */,
				024DABB62870A95B006F0B1D /* Assets.xcassets */,
				024DABB82870A95B006F0B1D /* LaunchScreen.storyboard */,
				024DABBB2870A95B006F0B1D /* Info.plist */,
				024DABB32870A956006F0B1D /* guii.xcdatamodeld */,
			);
			path = guii;
			sourceTree = "<group>";
		};
		024DABC32870A95B006F0B1D /* guiiTests */ = {
			isa = PBXGroup;
			children = (
				024DABC42870A95B006F0B1D /* guiiTests.swift */,
			);
			path = guiiTests;
			sourceTree = "<group>";
		};
		024DABCD2870A95B006F0B1D /* guiiUITests */ = {
			isa = PBXGroup;
			children = (
				024DABCE2870A95B006F0B1D /* guiiUITests.swift */,
				024DABD02870A95B006F0B1D /* guiiUITestsLaunchTests.swift */,
			);
			path = guiiUITests;
			sourceTree = "<group>";
		};
/* End PBXGroup section */

/* Begin PBXNativeTarget section */
		024DABA62870A956006F0B1D /* guii */ = {
			isa = PBXNativeTarget;
			buildConfigurationList = 024DABD42870A95B006F0B1D /* Build configuration list for PBXNativeTarget "guii" */;
			buildPhases = (
				024DABA32870A956006F0B1D /* Sources */,
				024DABA42870A956006F0B1D /* Frameworks */,
				024DABA52870A956006F0B1D /* Resources */,
			);
			buildRules = (
			);
			dependencies = (
			);
			name = guii;
			productName = guii;
			productReference = 024DABA72870A956006F0B1D /* guii.app */;
			productType = "com.apple.product-type.application";
		};
		024DABBF2870A95B006F0B1D /* guiiTests */ = {
			isa = PBXNativeTarget;
			buildConfigurationList = 024DABD72870A95B006F0B1D /* Build configuration list for PBXNativeTarget "guiiTests" */;
			buildPhases = (
				024DABBC2870A95B006F0B1D /* Sources */,
				024DABBD2870A95B006F0B1D /* Frameworks */,
				024DABBE2870A95B006F0B1D /* Resources */,
			);
			buildRules = (
			);
			dependencies = (
				024DABC22870A95B006F0B1D /* PBXTargetDependency */,
			);
			name = guiiTests;
			productName = guiiTests;
			productReference = 024DABC02870A95B006F0B1D /* guiiTests.xctest */;
			productType = "com.apple.product-type.bundle.unit-test";
		};
		024DABC92870A95B006F0B1D /* guiiUITests */ = {
			isa = PBXNativeTarget;
			buildConfigurationList = 024DABDA2870A95B006F0B1D /* Build configuration list for PBXNativeTarget "guiiUITests" */;
			buildPhases = (
				024DABC62870A95B006F0B1D /* Sources */,
				024DABC72870A95B006F0B1D /* Frameworks */,
				024DABC82870A95B006F0B1D /* Resources */,
			);
			buildRules = (
			);
			dependencies = (
				024DABCC2870A95B006F0B1D /* PBXTargetDependency */,
			);
			name = guiiUITests;
			productName = guiiUITests;
			productReference = 024DABCA2870A95B006F0B1D /* guiiUITests.xctest */;
			productType = "com.apple.product-type.bundle.ui-testing";
		};
/* End PBXNativeTarget section */

/* Begin PBXProject section */
		024DAB9F2870A956006F0B1D /* Project object */ = {
			isa = PBXProject;
			attributes = {
				BuildIndependentTargetsInParallel = 1;
				LastSwiftUpdateCheck = 1340;
				LastUpgradeCheck = 1340;
				TargetAttributes = {
					024DABA62870A956006F0B1D = {
						CreatedOnToolsVersion = 13.4.1;
					};
					024DABBF2870A95B006F0B1D = {
						CreatedOnToolsVersion = 13.4.1;
						TestTargetID = 024DABA62870A956006F0B1D;
					};
					024DABC92870A95B006F0B1D = {
						CreatedOnToolsVersion = 13.4.1;
						TestTargetID = 024DABA62870A956006F0B1D;
					};
				};
			};
			buildConfigurationList = 024DABA22870A956006F0B1D /* Build configuration list for PBXProject "guii" */;
			compatibilityVersion = "Xcode 13.0";
			developmentRegion = en;
			hasScannedForEncodings = 0;
			knownRegions = (
				en,
				Base,
			);
			mainGroup = 024DAB9E2870A956006F0B1D;
			productRefGroup = 024DABA82870A956006F0B1D /* Products */;
			projectDirPath = "";
			projectRoot = "";
			targets = (
				024DABA62870A956006F0B1D /* guii */,
				024DABBF2870A95B006F0B1D /* guiiTests */,
				024DABC92870A95B006F0B1D /* guiiUITests */,
			);
		};
/* End PBXProject section */

/* Begin PBXResourcesBuildPhase section */
		024DABA52870A956006F0B1D /* Resources */ = {
			isa = PBXResourcesBuildPhase;
			buildActionMask = 2147483647;
			files = (
				024DABBA2870A95B006F0B1D /* LaunchScreen.storyboard in Resources */,
				024DABB72870A95B006F0B1D /* Assets.xcassets in Resources */,
				024DABB22870A956006F0B1D /* Main.storyboard in Resources */,
			);
			runOnlyForDeploymentPostprocessing = 0;
		};
		024DABBE2870A95B006F0B1D /* Resources */ = {
			isa = PBXResourcesBuildPhase;
			buildActionMask = 2147483647;
			files = (
			);
			runOnlyForDeploymentPostprocessing = 0;
		};
		024DABC82870A95B006F0B1D /* Resources */ = {
			isa = PBXResourcesBuildPhase;
			buildActionMask = 2147483647;
			files = (
			);
			runOnlyForDeploymentPostprocessing = 0;
		};
/* End PBXResourcesBuildPhase section */

/* Begin PBXSourcesBuildPhase section */
		024DABA32870A956006F0B1D /* Sources */ = {
			isa = PBXSourcesBuildPhase;
			buildActionMask = 2147483647;
			files = (
				024DABAF2870A956006F0B1D /* ViewController.swift in Sources */,
				024DABAB2870A956006F0B1D /* AppDelegate.swift in Sources */,
				024DABAD2870A956006F0B1D /* SceneDelegate.swift in Sources */,
				024DABB52870A956006F0B1D /* guii.xcdatamodeld in Sources */,
			);
			runOnlyForDeploymentPostprocessing = 0;
		};
		024DABBC2870A95B006F0B1D /* Sources */ = {
			isa = PBXSourcesBuildPhase;
			buildActionMask = 2147483647;
			files = (
				024DABC52870A95B006F0B1D /* guiiTests.swift in Sources */,
			);
			runOnlyForDeploymentPostprocessing = 0;
		};
		024DABC62870A95B006F0B1D /* Sources */ = {
			isa = PBXSourcesBuildPhase;
			buildActionMask = 2147483647;
			files = (
				024DABD12870A95B006F0B1D /* guiiUITestsLaunchTests.swift in Sources */,
				024DABCF2870A95B006F0B1D /* guiiUITests.swift in Sources */,
			);
			runOnlyForDeploymentPostprocessing = 0;
		};
/* End PBXSourcesBuildPhase section */

/* Begin PBXTargetDependency section */
		024DABC22870A95B006F0B1D /* PBXTargetDependency */ = {
			isa = PBXTargetDependency;
			target = 024DABA62870A956006F0B1D /* guii */;
			targetProxy = 024DABC12870A95B006F0B1D /* PBXContainerItemProxy */;
		};
		024DABCC2870A95B006F0B1D /* PBXTargetDependency */ = {
			isa = PBXTargetDependency;
			target = 024DABA62870A956006F0B1D /* guii */;
			targetProxy = 024DABCB2870A95B006F0B1D /* PBXContainerItemProxy */;
		};
/* End PBXTargetDependency section */

/* Begin PBXVariantGroup section */
		024DABB02870A956006F0B1D /* Main.storyboard */ = {
			isa = PBXVariantGroup;
			children = (
				024DABB12870A956006F0B1D /* Base */,
			);
			name = Main.storyboard;
			sourceTree = "<group>";
		};
		024DABB82870A95B006F0B1D /* LaunchScreen.storyboard */ = {
			isa = PBXVariantGroup;
			children = (
				024DABB92870A95B006F0B1D /* Base */,
			);
			name = LaunchScreen.storyboard;
			sourceTree = "<group>";
		};
/* End PBXVariantGroup section */

/* Begin XCBuildConfiguration section */
		024DABD22870A95B006F0B1D /* Debug */ = {
			isa = XCBuildConfiguration;
			buildSettings = {
				ALWAYS_SEARCH_USER_PATHS = NO;
				CLANG_ANALYZER_NONNULL = YES;
				CLANG_ANALYZER_NUMBER_OBJECT_CONVERSION = YES_AGGRESSIVE;
				CLANG_CXX_LANGUAGE_STANDARD = "gnu++17";
				CLANG_ENABLE_MODULES = YES;
				CLANG_ENABLE_OBJC_ARC = YES;
				CLANG_ENABLE_OBJC_WEAK = YES;
				CLANG_WARN_BLOCK_CAPTURE_AUTORELEASING = YES;
				CLANG_WARN_BOOL_CONVERSION = YES;
				CLANG_WARN_COMMA = YES;
				CLANG_WARN_CONSTANT_CONVERSION = YES;
				CLANG_WARN_DEPRECATED_OBJC_IMPLEMENTATIONS = YES;
				CLANG_WARN_DIRECT_OBJC_ISA_USAGE = YES_ERROR;
				CLANG_WARN_DOCUMENTATION_COMMENTS = YES;
				CLANG_WARN_EMPTY_BODY = YES;
				CLANG_WARN_ENUM_CONVERSION = YES;
				CLANG_WARN_INFINITE_RECURSION = YES;
				CLANG_WARN_INT_CONVERSION = YES;
				CLANG_WARN_NON_LITERAL_NULL_CONVERSION = YES;
				CLANG_WARN_OBJC_IMPLICIT_RETAIN_SELF = YES;
				CLANG_WARN_OBJC_LITERAL_CONVERSION = YES;
				CLANG_WARN_OBJC_ROOT_CLASS = YES_ERROR;
				CLANG_WARN_QUOTED_INCLUDE_IN_FRAMEWORK_HEADER = YES;
				CLANG_WARN_RANGE_LOOP_ANALYSIS = YES;
				CLANG_WARN_STRICT_PROTOTYPES = YES;
				CLANG_WARN_SUSPICIOUS_MOVE = YES;
				CLANG_WARN_UNGUARDED_AVAILABILITY = YES_AGGRESSIVE;
				CLANG_WARN_UNREACHABLE_CODE = YES;
				CLANG_WARN__DUPLICATE_METHOD_MATCH = YES;
				COPY_PHASE_STRIP = NO;
				DEBUG_INFORMATION_FORMAT = dwarf;
				ENABLE_STRICT_OBJC_MSGSEND = YES;
				ENABLE_TESTABILITY = YES;
				GCC_C_LANGUAGE_STANDARD = gnu11;
				GCC_DYNAMIC_NO_PIC = NO;
				GCC_NO_COMMON_BLOCKS = YES;
				GCC_OPTIMIZATION_LEVEL = 0;
				GCC_PREPROCESSOR_DEFINITIONS = (
					"DEBUG=1",
					"$(inherited)",
				);
				GCC_WARN_64_TO_32_BIT_CONVERSION = YES;
				GCC_WARN_ABOUT_RETURN_TYPE = YES_ERROR;
				GCC_WARN_UNDECLARED_SELECTOR = YES;
				GCC_WARN_UNINITIALIZED_AUTOS = YES_AGGRESSIVE;
				GCC_WARN_UNUSED_FUNCTION = YES;
				GCC_WARN_UNUSED_VARIABLE = YES;
				IPHONEOS_DEPLOYMENT_TARGET = 15.5;
				MTL_ENABLE_DEBUG_INFO = INCLUDE_SOURCE;
				MTL_FAST_MATH = YES;
				ONLY_ACTIVE_ARCH = YES;
				SDKROOT = iphoneos;
				SWIFT_ACTIVE_COMPILATION_CONDITIONS = DEBUG;
				SWIFT_OPTIMIZATION_LEVEL = "-Onone";
			};
			name = Debug;
		};
		024DABD32870A95B006F0B1D /* Release */ = {
			isa = XCBuildConfiguration;
			buildSettings = {
				ALWAYS_SEARCH_USER_PATHS = NO;
				CLANG_ANALYZER_NONNULL = YES;
				CLANG_ANALYZER_NUMBER_OBJECT_CONVERSION = YES_AGGRESSIVE;
				CLANG_CXX_LANGUAGE_STANDARD = "gnu++17";
				CLANG_ENABLE_MODULES = YES;
				CLANG_ENABLE_OBJC_ARC = YES;
				CLANG_ENABLE_OBJC_WEAK = YES;
				CLANG_WARN_BLOCK_CAPTURE_AUTORELEASING = YES;
				CLANG_WARN_BOOL_CONVERSION = YES;
				CLANG_WARN_COMMA = YES;
				CLANG_WARN_CONSTANT_CONVERSION = YES;
				CLANG_WARN_DEPRECATED_OBJC_IMPLEMENTATIONS = YES;
				CLANG_WARN_DIRECT_OBJC_ISA_USAGE = YES_ERROR;
				CLANG_WARN_DOCUMENTATION_COMMENTS = YES;
				CLANG_WARN_EMPTY_BODY = YES;
				CLANG_WARN_ENUM_CONVERSION = YES;
				CLANG_WARN_INFINITE_RECURSION = YES;
				CLANG_WARN_INT_CONVERSION = YES;
				CLANG_WARN_NON_LITERAL_NULL_CONVERSION = YES;
				CLANG_WARN_OBJC_IMPLICIT_RETAIN_SELF = YES;
				CLANG_WARN_OBJC_LITERAL_CONVERSION = YES;
				CLANG_WARN_OBJC_ROOT_CLASS = YES_ERROR;
				CLANG_WARN_QUOTED_INCLUDE_IN_FRAMEWORK_HEADER = YES;
				CLANG_WARN_RANGE_LOOP_ANALYSIS = YES;
				CLANG_WARN_STRICT_PROTOTYPES = YES;
				CLANG_WARN_SUSPICIOUS_MOVE = YES;
				CLANG_WARN_UNGUARDED_AVAILABILITY = YES_AGGRESSIVE;
				CLANG_WARN_UNREACHABLE_CODE = YES;
				CLANG_WARN__DUPLICATE_METHOD_MATCH = YES;
				COPY_PHASE_STRIP = NO;
				DEBUG_INFORMATION_FORMAT = "dwarf-with-dsym";
				ENABLE_NS_ASSERTIONS = NO;
				ENABLE_STRICT_OBJC_MSGSEND = YES;
				GCC_C_LANGUAGE_STANDARD = gnu11;
				GCC_NO_COMMON_BLOCKS = YES;
				GCC_WARN_64_TO_32_BIT_CONVERSION = YES;
				GCC_WARN_ABOUT_RETURN_TYPE = YES_ERROR;
				GCC_WARN_UNDECLARED_SELECTOR = YES;
				GCC_WARN_UNINITIALIZED_AUTOS = YES_AGGRESSIVE;
				GCC_WARN_UNUSED_FUNCTION = YES;
				GCC_WARN_UNUSED_VARIABLE = YES;
				IPHONEOS_DEPLOYMENT_TARGET = 15.5;
				MTL_ENABLE_DEBUG_INFO = NO;
				MTL_FAST_MATH = YES;
				SDKROOT = iphoneos;
				SWIFT_COMPILATION_MODE = wholemodule;
				SWIFT_OPTIMIZATION_LEVEL = "-O";
				VALIDATE_PRODUCT = YES;
			};
			name = Release;
		};
		024DABD52870A95B006F0B1D /* Debug */ = {
			isa = XCBuildConfiguration;
			buildSettings = {
				ASSETCATALOG_COMPILER_APPICON_NAME = AppIcon;
				ASSETCATALOG_COMPILER_GLOBAL_ACCENT_COLOR_NAME = AccentColor;
				CODE_SIGN_STYLE = Automatic;
				CURRENT_PROJECT_VERSION = 1;
				DEVELOPMENT_TEAM = 696V2968Y3;
				GENERATE_INFOPLIST_FILE = YES;
				INFOPLIST_FILE = guii/Info.plist;
				INFOPLIST_KEY_UIApplicationSupportsIndirectInputEvents = YES;
				INFOPLIST_KEY_UILaunchStoryboardName = LaunchScreen;
				INFOPLIST_KEY_UIMainStoryboardFile = Main;
				INFOPLIST_KEY_UISupportedInterfaceOrientations_iPad = "UIInterfaceOrientationPortrait UIInterfaceOrientationPortraitUpsideDown UIInterfaceOrientationLandscapeLeft UIInterfaceOrientationLandscapeRight";
				INFOPLIST_KEY_UISupportedInterfaceOrientations_iPhone = "UIInterfaceOrientationPortrait UIInterfaceOrientationLandscapeLeft UIInterfaceOrientationLandscapeRight";
				LD_RUNPATH_SEARCH_PATHS = (
					"$(inherited)",
					"@executable_path/Frameworks",
				);
				MARKETING_VERSION = 1.0;
				PRODUCT_BUNDLE_IDENTIFIER = com.robertsoft.eit.trainning.guii;
				PRODUCT_NAME = "$(TARGET_NAME)";
				SWIFT_EMIT_LOC_STRINGS = YES;
				SWIFT_VERSION = 5.0;
				TARGETED_DEVICE_FAMILY = "1,2";
			};
			name = Debug;
		};
		024DABD62870A95B006F0B1D /* Release */ = {
			isa = XCBuildConfiguration;
			buildSettings = {
				ASSETCATALOG_COMPILER_APPICON_NAME = AppIcon;
				ASSETCATALOG_COMPILER_GLOBAL_ACCENT_COLOR_NAME = AccentColor;
				CODE_SIGN_STYLE = Automatic;
				CURRENT_PROJECT_VERSION = 1;
				DEVELOPMENT_TEAM = 696V2968Y3;
				GENERATE_INFOPLIST_FILE = YES;
				INFOPLIST_FILE = guii/Info.plist;
				INFOPLIST_KEY_UIApplicationSupportsIndirectInputEvents = YES;
				INFOPLIST_KEY_UILaunchStoryboardName = LaunchScreen;
				INFOPLIST_KEY_UIMainStoryboardFile = Main;
				INFOPLIST_KEY_UISupportedInterfaceOrientations_iPad = "UIInterfaceOrientationPortrait UIInterfaceOrientationPortraitUpsideDown UIInterfaceOrientationLandscapeLeft UIInterfaceOrientationLandscapeRight";
				INFOPLIST_KEY_UISupportedInterfaceOrientations_iPhone = "UIInterfaceOrientationPortrait UIInterfaceOrientationLandscapeLeft UIInterfaceOrientationLandscapeRight";
				LD_RUNPATH_SEARCH_PATHS = (
					"$(inherited)",
					"@executable_path/Frameworks",
				);
				MARKETING_VERSION = 1.0;
				PRODUCT_BUNDLE_IDENTIFIER = com.robertsoft.eit.trainning.guii;
				PRODUCT_NAME = "$(TARGET_NAME)";
				SWIFT_EMIT_LOC_STRINGS = YES;
				SWIFT_VERSION = 5.0;
				TARGETED_DEVICE_FAMILY = "1,2";
			};
			name = Release;
		};
		024DABD82870A95B006F0B1D /* Debug */ = {
			isa = XCBuildConfiguration;
			buildSettings = {
				ALWAYS_EMBED_SWIFT_STANDARD_LIBRARIES = YES;
				BUNDLE_LOADER = "$(TEST_HOST)";
				CODE_SIGN_STYLE = Automatic;
				CURRENT_PROJECT_VERSION = 1;
				DEVELOPMENT_TEAM = 696V2968Y3;
				GENERATE_INFOPLIST_FILE = YES;
				IPHONEOS_DEPLOYMENT_TARGET = 15.5;
				MARKETING_VERSION = 1.0;
				PRODUCT_BUNDLE_IDENTIFIER = com.robertsoft.eit.trainning.guiiTests;
				PRODUCT_NAME = "$(TARGET_NAME)";
				SWIFT_EMIT_LOC_STRINGS = NO;
				SWIFT_VERSION = 5.0;
				TARGETED_DEVICE_FAMILY = "1,2";
				TEST_HOST = "$(BUILT_PRODUCTS_DIR)/guii.app/guii";
			};
			name = Debug;
		};
		024DABD92870A95B006F0B1D /* Release */ = {
			isa = XCBuildConfiguration;
			buildSettings = {
				ALWAYS_EMBED_SWIFT_STANDARD_LIBRARIES = YES;
				BUNDLE_LOADER = "$(TEST_HOST)";
				CODE_SIGN_STYLE = Automatic;
				CURRENT_PROJECT_VERSION = 1;
				DEVELOPMENT_TEAM = 696V2968Y3;
				GENERATE_INFOPLIST_FILE = YES;
				IPHONEOS_DEPLOYMENT_TARGET = 15.5;
				MARKETING_VERSION = 1.0;
				PRODUCT_BUNDLE_IDENTIFIER = com.robertsoft.eit.trainning.guiiTests;
				PRODUCT_NAME = "$(TARGET_NAME)";
				SWIFT_EMIT_LOC_STRINGS = NO;
				SWIFT_VERSION = 5.0;
				TARGETED_DEVICE_FAMILY = "1,2";
				TEST_HOST = "$(BUILT_PRODUCTS_DIR)/guii.app/guii";
			};
			name = Release;
		};
		024DABDB2870A95B006F0B1D /* Debug */ = {
			isa = XCBuildConfiguration;
			buildSettings = {
				ALWAYS_EMBED_SWIFT_STANDARD_LIBRARIES = YES;
				CODE_SIGN_STYLE = Automatic;
				CURRENT_PROJECT_VERSION = 1;
				DEVELOPMENT_TEAM = 696V2968Y3;
				GENERATE_INFOPLIST_FILE = YES;
				MARKETING_VERSION = 1.0;
				PRODUCT_BUNDLE_IDENTIFIER = com.robertsoft.eit.trainning.guiiUITests;
				PRODUCT_NAME = "$(TARGET_NAME)";
				SWIFT_EMIT_LOC_STRINGS = NO;
				SWIFT_VERSION = 5.0;
				TARGETED_DEVICE_FAMILY = "1,2";
				TEST_TARGET_NAME = guii;
			};
			name = Debug;
		};
		024DABDC2870A95B006F0B1D /* Release */ = {
			isa = XCBuildConfiguration;
			buildSettings = {
				ALWAYS_EMBED_SWIFT_STANDARD_LIBRARIES = YES;
				CODE_SIGN_STYLE = Automatic;
				CURRENT_PROJECT_VERSION = 1;
				DEVELOPMENT_TEAM = 696V2968Y3;
				GENERATE_INFOPLIST_FILE = YES;
				MARKETING_VERSION = 1.0;
				PRODUCT_BUNDLE_IDENTIFIER = com.robertsoft.eit.trainning.guiiUITests;
				PRODUCT_NAME = "$(TARGET_NAME)";
				SWIFT_EMIT_LOC_STRINGS = NO;
				SWIFT_VERSION = 5.0;
				TARGETED_DEVICE_FAMILY = "1,2";
				TEST_TARGET_NAME = guii;
			};
			name = Release;
		};
/* End XCBuildConfiguration section */

/* Begin XCConfigurationList section */
		024DABA22870A956006F0B1D /* Build configuration list for PBXProject "guii" */ = {
			isa = XCConfigurationList;
			buildConfigurations = (
				024DABD22870A95B006F0B1D /* Debug */,
				024DABD32870A95B006F0B1D /* Release */,
			);
			defaultConfigurationIsVisible = 0;
			defaultConfigurationName = Release;
		};
		024DABD42870A95B006F0B1D /* Build configuration list for PBXNativeTarget "guii" */ = {
			isa = XCConfigurationList;
			buildConfigurations = (
				024DABD52870A95B006F0B1D /* Debug */,
				024DABD62870A95B006F0B1D /* Release */,
			);
			defaultConfigurationIsVisible = 0;
			defaultConfigurationName = Release;
		};
		024DABD72870A95B006F0B1D /* Build configuration list for PBXNativeTarget "guiiTests" */ = {
			isa = XCConfigurationList;
			buildConfigurations = (
				024DABD82870A95B006F0B1D /* Debug */,
				024DABD92870A95B006F0B1D /* Release */,
			);
			defaultConfigurationIsVisible = 0;
			defaultConfigurationName = Release;
		};
		024DABDA2870A95B006F0B1D /* Build configuration list for PBXNativeTarget "guiiUITests" */ = {
			isa = XCConfigurationList;
			buildConfigurations = (
				024DABDB2870A95B006F0B1D /* Debug */,
				024DABDC2870A95B006F0B1D /* Release */,
			);
			defaultConfigurationIsVisible = 0;
			defaultConfigurationName = Release;
		};
/* End XCConfigurationList section */

/* Begin XCVersionGroup section */
		024DABB32870A956006F0B1D /* guii.xcdatamodeld */ = {
			isa = XCVersionGroup;
			children = (
				024DABB42870A956006F0B1D /* guii.xcdatamodel */,
			);
			currentVersion = 024DABB42870A956006F0B1D /* guii.xcdatamodel */;
			path = guii.xcdatamodeld;
			sourceTree = "<group>";
			versionGroupType = wrapper.xcdatamodel;
		};
/* End XCVersionGroup section */
	};
	rootObject = 024DAB9F2870A956006F0B1D /* Project object */;
}
